
Microsoft Visual Studio Solution File, Format Version 10.00
# Visual Studio 2008
Project("{E24C65DC-7377-472B-9ABA-BC803B73C61A}") = "eCIMServices", ".", "{A4CF7AD0-93F5-452D-BABB-2BC953461F50}"
	ProjectSection(WebsiteProperties) = preProject
		TargetFramework = "3.5"
		Debug.AspNetCompiler.VirtualPath = "/eCIMServices"
		Debug.AspNetCompiler.PhysicalPath = "D:\VC\eCIMServices_20150731\eCIMServices\"
		Debug.AspNetCompiler.TargetPath = "PrecompiledWeb\eCIMServices\"
		Debug.AspNetCompiler.Updateable = "true"
		Debug.AspNetCompiler.ForceOverwrite = "true"
		Debug.AspNetCompiler.FixedNames = "false"
		Debug.AspNetCompiler.Debug = "True"
		Release.AspNetCompiler.VirtualPath = "/eCIMServices"
		Release.AspNetCompiler.PhysicalPath = "D:\VC\eCIMServices_20150731\eCIMServices\"
		Release.AspNetCompiler.TargetPath = "PrecompiledWeb\eCIMServices\"
		Release.AspNetCompiler.Updateable = "true"
		Release.AspNetCompiler.ForceOverwrite = "true"
		Release.AspNetCompiler.FixedNames = "false"
		Release.AspNetCompiler.Debug = "False"
		VWDPort = "54340"
	EndProjectSection
EndProject
Global
	GlobalSection(SolutionConfigurationPlatforms) = preSolution
		Debug|.NET = Debug|.NET
	EndGlobalSection
	GlobalSection(ProjectConfigurationPlatforms) = postSolution
		{A4CF7AD0-93F5-452D-BABB-2BC953461F50}.Debug|.NET.ActiveCfg = Debug|.NET
		{A4CF7AD0-93F5-452D-BABB-2BC953461F50}.Debug|.NET.Build.0 = Debug|.NET
	EndGlobalSection
	GlobalSection(SolutionProperties) = preSolution
		HideSolutionNode = FALSE
	EndGlobalSection
EndGlobal
